// !$*UTF8*$!
{
	archiveVersion = 1;
	classes = {
	};
	objectVersion = 46;
	objects = {

/* Begin PBXBuildFile section */
		39304F4B1A004B8200B6276A /* main.m in Sources */ = {isa = PBXBuildFile; fileRef = 39304F4A1A004B8200B6276A /* main.m */; };
		39304F4E1A004B8200B6276A /* AppDelegate.m in Sources */ = {isa = PBXBuildFile; fileRef = 39304F4D1A004B8200B6276A /* AppDelegate.m */; };
		39304F511A004B8200B6276A /* RootViewController.m in Sources */ = {isa = PBXBuildFile; fileRef = 39304F501A004B8200B6276A /* RootViewController.m */; };
		39304F541A004B8200B6276A /* Main.storyboard in Resources */ = {isa = PBXBuildFile; fileRef = 39304F521A004B8200B6276A /* Main.storyboard */; };
		39304F561A004B8200B6276A /* Images.xcassets in Resources */ = {isa = PBXBuildFile; fileRef = 39304F551A004B8200B6276A /* Images.xcassets */; };
		39304F591A004B8200B6276A /* LaunchScreen.xib in Resources */ = {isa = PBXBuildFile; fileRef = 39304F571A004B8200B6276A /* LaunchScreen.xib */; };
		39304F651A004B8200B6276A /* MCMSTests.m in Sources */ = {isa = PBXBuildFile; fileRef = 39304F641A004B8200B6276A /* MCMSTests.m */; };
		39304F701A004BD200B6276A /* MagicalCreature.m in Sources */ = {isa = PBXBuildFile; fileRef = 39304F6F1A004BD200B6276A /* MagicalCreature.m */; };
		39304F741A00585B00B6276A /* CreatureViewController.m in Sources */ = {isa = PBXBuildFile; fileRef = 39304F731A00585B00B6276A /* CreatureViewController.m */; };
/* End PBXBuildFile section */

/* Begin PBXContainerItemProxy section */
		39304F5F1A004B8200B6276A /* PBXContainerItemProxy */ = {
			isa = PBXContainerItemProxy;
			containerPortal = 39304F3D1A004B8200B6276A /* Project object */;
			proxyType = 1;
			remoteGlobalIDString = 39304F441A004B8200B6276A;
			remoteInfo = MCMS;
		};
/* End PBXContainerItemProxy section */

/* Begin PBXFileReference section */
		39304F451A004B8200B6276A /* MCMS.app */ = {isa = PBXFileReference; explicitFileType = wrapper.application; includeInIndex = 0; path = MCMS.app; sourceTree = BUILT_PRODUCTS_DIR; };
		39304F491A004B8200B6276A /* Info.plist */ = {isa = PBXFileReference; lastKnownFileType = text.plist.xml; path = Info.plist; sourceTree = "<group>"; };
		39304F4A1A004B8200B6276A /* main.m */ = {isa = PBXFileReference; lastKnownFileType = sourcecode.c.objc; path = main.m; sourceTree = "<group>"; };
		39304F4C1A004B8200B6276A /* AppDelegate.h */ = {isa = PBXFileReference; lastKnownFileType = sourcecode.c.h; path = AppDelegate.h; sourceTree = "<group>"; };
		39304F4D1A004B8200B6276A /* AppDelegate.m */ = {isa = PBXFileReference; lastKnownFileType = sourcecode.c.objc; path = AppDelegate.m; sourceTree = "<group>"; };
		39304F4F1A004B8200B6276A /* RootViewController.h */ = {isa = PBXFileReference; lastKnownFileType = sourcecode.c.h; path = RootViewController.h; sourceTree = "<group>"; };
		39304F501A004B8200B6276A /* RootViewController.m */ = {isa = PBXFileReference; lastKnownFileType = sourcecode.c.objc; path = RootViewController.m; sourceTree = "<group>"; };
		39304F531A004B8200B6276A /* Base */ = {isa = PBXFileReference; lastKnownFileType = file.storyboard; name = Base; path = Base.lproj/Main.storyboard; sourceTree = "<group>"; };
		39304F551A004B8200B6276A /* Images.xcassets */ = {isa = PBXFileReference; lastKnownFileType = folder.assetcatalog; path = Images.xcassets; sourceTree = "<group>"; };
		39304F581A004B8200B6276A /* Base */ = {isa = PBXFileReference; lastKnownFileType = file.xib; name = Base; path = Base.lproj/LaunchScreen.xib; sourceTree = "<group>"; };
		39304F5E1A004B8200B6276A /* MCMSTests.xctest */ = {isa = PBXFileReference; explicitFileType = wrapper.cfbundle; includeInIndex = 0; path = MCMSTests.xctest; sourceTree = BUILT_PRODUCTS_DIR; };
		39304F631A004B8200B6276A /* Info.plist */ = {isa = PBXFileReference; lastKnownFileType = text.plist.xml; path = Info.plist; sourceTree = "<group>"; };
		39304F641A004B8200B6276A /* MCMSTests.m */ = {isa = PBXFileReference; lastKnownFileType = sourcecode.c.objc; path = MCMSTests.m; sourceTree = "<group>"; };
		39304F6E1A004BD200B6276A /* MagicalCreature.h */ = {isa = PBXFileReference; fileEncoding = 4; lastKnownFileType = sourcecode.c.h; path = MagicalCreature.h; sourceTree = "<group>"; };
		39304F6F1A004BD200B6276A /* MagicalCreature.m */ = {isa = PBXFileReference; fileEncoding = 4; lastKnownFileType = sourcecode.c.objc; path = MagicalCreature.m; sourceTree = "<group>"; };
		39304F721A00585B00B6276A /* CreatureViewController.h */ = {isa = PBXFileReference; fileEncoding = 4; lastKnownFileType = sourcecode.c.h; path = CreatureViewController.h; sourceTree = "<group>"; };
		39304F731A00585B00B6276A /* CreatureViewController.m */ = {isa = PBXFileReference; fileEncoding = 4; lastKnownFileType = sourcecode.c.objc; path = CreatureViewController.m; sourceTree = "<group>"; };
/* End PBXFileReference section */

/* Begin PBXFrameworksBuildPhase section */
		39304F421A004B8200B6276A /* Frameworks */ = {
			isa = PBXFrameworksBuildPhase;
			buildActionMask = 2147483647;
			files = (
			);
			runOnlyForDeploymentPostprocessing = 0;
		};
		39304F5B1A004B8200B6276A /* Frameworks */ = {
			isa = PBXFrameworksBuildPhase;
			buildActionMask = 2147483647;
			files = (
			);
			runOnlyForDeploymentPostprocessing = 0;
		};
/* End PBXFrameworksBuildPhase section */

/* Begin PBXGroup section */
		39304F3C1A004B8200B6276A = {
			isa = PBXGroup;
			children = (
				39304F471A004B8200B6276A /* MCMS */,
				39304F611A004B8200B6276A /* MCMSTests */,
				39304F461A004B8200B6276A /* Products */,
			);
			sourceTree = "<group>";
		};
		39304F461A004B8200B6276A /* Products */ = {
			isa = PBXGroup;
			children = (
				39304F451A004B8200B6276A /* MCMS.app */,
				39304F5E1A004B8200B6276A /* MCMSTests.xctest */,
			);
			name = Products;
			sourceTree = "<group>";
		};
		39304F471A004B8200B6276A /* MCMS */ = {
			isa = PBXGroup;
			children = (
				39304F4C1A004B8200B6276A /* AppDelegate.h */,
				39304F4D1A004B8200B6276A /* AppDelegate.m */,
				39304F711A004BDD00B6276A /* Models */,
				39304F4F1A004B8200B6276A /* RootViewController.h */,
				39304F501A004B8200B6276A /* RootViewController.m */,
				39304F721A00585B00B6276A /* CreatureViewController.h */,
				39304F731A00585B00B6276A /* CreatureViewController.m */,
				39304F521A004B8200B6276A /* Main.storyboard */,
				39304F551A004B8200B6276A /* Images.xcassets */,
				39304F571A004B8200B6276A /* LaunchScreen.xib */,
				39304F481A004B8200B6276A /* Supporting Files */,
			);
			path = MCMS;
			sourceTree = "<group>";
		};
		39304F481A004B8200B6276A /* Supporting Files */ = {
			isa = PBXGroup;
			children = (
				39304F491A004B8200B6276A /* Info.plist */,
				39304F4A1A004B8200B6276A /* main.m */,
			);
			name = "Supporting Files";
			sourceTree = "<group>";
		};
		39304F611A004B8200B6276A /* MCMSTests */ = {
			isa = PBXGroup;
			children = (
				39304F641A004B8200B6276A /* MCMSTests.m */,
				39304F621A004B8200B6276A /* Supporting Files */,
			);
			path = MCMSTests;
			sourceTree = "<group>";
		};
		39304F621A004B8200B6276A /* Supporting Files */ = {
			isa = PBXGroup;
			children = (
				39304F631A004B8200B6276A /* Info.plist */,
			);
			name = "Supporting Files";
			sourceTree = "<group>";
		};
		39304F711A004BDD00B6276A /* Models */ = {
			isa = PBXGroup;
			children = (
				39304F6E1A004BD200B6276A /* MagicalCreature.h */,
				39304F6F1A004BD200B6276A /* MagicalCreature.m */,
			);
			name = Models;
			sourceTree = "<group>";
		};
/* End PBXGroup section */

/* Begin PBXNativeTarget section */
		39304F441A004B8200B6276A /* MCMS */ = {
			isa = PBXNativeTarget;
			buildConfigurationList = 39304F681A004B8200B6276A /* Build configuration list for PBXNativeTarget "MCMS" */;
			buildPhases = (
				39304F411A004B8200B6276A /* Sources */,
				39304F421A004B8200B6276A /* Frameworks */,
				39304F431A004B8200B6276A /* Resources */,
			);
			buildRules = (
			);
			dependencies = (
			);
			name = MCMS;
			productName = MCMS;
			productReference = 39304F451A004B8200B6276A /* MCMS.app */;
			productType = "com.apple.product-type.application";
		};
		39304F5D1A004B8200B6276A /* MCMSTests */ = {
			isa = PBXNativeTarget;
			buildConfigurationList = 39304F6B1A004B8200B6276A /* Build configuration list for PBXNativeTarget "MCMSTests" */;
			buildPhases = (
				39304F5A1A004B8200B6276A /* Sources */,
				39304F5B1A004B8200B6276A /* Frameworks */,
				39304F5C1A004B8200B6276A /* Resources */,
			);
			buildRules = (
			);
			dependencies = (
				39304F601A004B8200B6276A /* PBXTargetDependency */,
			);
			name = MCMSTests;
			productName = MCMSTests;
			productReference = 39304F5E1A004B8200B6276A /* MCMSTests.xctest */;
			productType = "com.apple.product-type.bundle.unit-test";
		};
/* End PBXNativeTarget section */

/* Begin PBXProject section */
		39304F3D1A004B8200B6276A /* Project object */ = {
			isa = PBXProject;
			attributes = {
				LastUpgradeCheck = 0600;
				ORGANIZATIONNAME = "Vala Kohnechi";
				TargetAttributes = {
					39304F441A004B8200B6276A = {
						CreatedOnToolsVersion = 6.0.1;
					};
					39304F5D1A004B8200B6276A = {
						CreatedOnToolsVersion = 6.0.1;
						TestTargetID = 39304F441A004B8200B6276A;
					};
				};
			};
			buildConfigurationList = 39304F401A004B8200B6276A /* Build configuration list for PBXProject "MCMS" */;
			compatibilityVersion = "Xcode 3.2";
			developmentRegion = English;
			hasScannedForEncodings = 0;
			knownRegions = (
				en,
				Base,
			);
			mainGroup = 39304F3C1A004B8200B6276A;
			productRefGroup = 39304F461A004B8200B6276A /* Products */;
			projectDirPath = "";
			projectRoot = "";
			targets = (
				39304F441A004B8200B6276A /* MCMS */,
				39304F5D1A004B8200B6276A /* MCMSTests */,
			);
		};
/* End PBXProject section */

/* Begin PBXResourcesBuildPhase section */
		39304F431A004B8200B6276A /* Resources */ = {
			isa = PBXResourcesBuildPhase;
			buildActionMask = 2147483647;
			files = (
				39304F541A004B8200B6276A /* Main.storyboard in Resources */,
				39304F591A004B8200B6276A /* LaunchScreen.xib in Resources */,
				39304F561A004B8200B6276A /* Images.xcassets in Resources */,
			);
			runOnlyForDeploymentPostprocessing = 0;
		};
		39304F5C1A004B8200B6276A /* Resources */ = {
			isa = PBXResourcesBuildPhase;
			buildActionMask = 2147483647;
			files = (
			);
			runOnlyForDeploymentPostprocessing = 0;
		};
/* End PBXResourcesBuildPhase section */

/* Begin PBXSourcesBuildPhase section */
		39304F411A004B8200B6276A /* Sources */ = {
			isa = PBXSourcesBuildPhase;
			buildActionMask = 2147483647;
			files = (
				39304F511A004B8200B6276A /* RootViewController.m in Sources */,
				39304F701A004BD200B6276A /* MagicalCreature.m in Sources */,
				39304F4E1A004B8200B6276A /* AppDelegate.m in Sources */,
				39304F741A00585B00B6276A /* CreatureViewController.m in Sources */,
				39304F4B1A004B8200B6276A /* main.m in Sources */,
			);
			runOnlyForDeploymentPostprocessing = 0;
		};
		39304F5A1A004B8200B6276A /* Sources */ = {
			isa = PBXSourcesBuildPhase;
			buildActionMask = 2147483647;
			files = (
				39304F651A004B8200B6276A /* MCMSTests.m in Sources */,
			);
			runOnlyForDeploymentPostprocessing = 0;
		};
/* End PBXSourcesBuildPhase section */

/* Begin PBXTargetDependency section */
		39304F601A004B8200B6276A /* PBXTargetDependency */ = {
			isa = PBXTargetDependency;
			target = 39304F441A004B8200B6276A /* MCMS */;
			targetProxy = 39304F5F1A004B8200B6276A /* PBXContainerItemProxy */;
		};
/* End PBXTargetDependency section */

/* Begin PBXVariantGroup section */
		39304F521A004B8200B6276A /* Main.storyboard */ = {
			isa = PBXVariantGroup;
			children = (
				39304F531A004B8200B6276A /* Base */,
			);
			name = Main.storyboard;
			sourceTree = "<group>";
		};
		39304F571A004B8200B6276A /* LaunchScreen.xib */ = {
			isa = PBXVariantGroup;
			children = (
				39304F581A004B8200B6276A /* Base */,
			);
			name = LaunchScreen.xib;
			sourceTree = "<group>";
		};
/* End PBXVariantGroup section */

/* Begin XCBuildConfiguration section */
		39304F661A004B8200B6276A /* Debug */ = {
			isa = XCBuildConfiguration;
			buildSettings = {
				ALWAYS_SEARCH_USER_PATHS = NO;
				CLANG_CXX_LANGUAGE_STANDARD = "gnu++0x";
				CLANG_CXX_LIBRARY = "libc++";
				CLANG_ENABLE_MODULES = YES;
				CLANG_ENABLE_OBJC_ARC = YES;
				CLANG_WARN_BOOL_CONVERSION = YES;
				CLANG_WARN_CONSTANT_CONVERSION = YES;
				CLANG_WARN_DIRECT_OBJC_ISA_USAGE = YES_ERROR;
				CLANG_WARN_EMPTY_BODY = YES;
				CLANG_WARN_ENUM_CONVERSION = YES;
				CLANG_WARN_INT_CONVERSION = YES;
				CLANG_WARN_OBJC_ROOT_CLASS = YES_ERROR;
				CLANG_WARN_UNREACHABLE_CODE = YES;
				CLANG_WARN__DUPLICATE_METHOD_MATCH = YES;
				"CODE_SIGN_IDENTITY[sdk=iphoneos*]" = "iPhone Developer";
				COPY_PHASE_STRIP = NO;
				ENABLE_STRICT_OBJC_MSGSEND = YES;
				GCC_C_LANGUAGE_STANDARD = gnu99;
				GCC_DYNAMIC_NO_PIC = NO;
				GCC_OPTIMIZATION_LEVEL = 0;
				GCC_PREPROCESSOR_DEFINITIONS = (
					"DEBUG=1",
					"$(inherited)",
				);
				GCC_SYMBOLS_PRIVATE_EXTERN = NO;
				GCC_WARN_64_TO_32_BIT_CONVERSION = YES;
				GCC_WARN_ABOUT_RETURN_TYPE = YES_ERROR;
				GCC_WARN_UNDECLARED_SELECTOR = YES;
				GCC_WARN_UNINITIALIZED_AUTOS = YES_AGGRESSIVE;
				GCC_WARN_UNUSED_FUNCTION = YES;
				GCC_WARN_UNUSED_VARIABLE = YES;
				IPHONEOS_DEPLOYMENT_TARGET = 8.0;
				MTL_ENABLE_DEBUG_INFO = YES;
				ONLY_ACTIVE_ARCH = YES;
				SDKROOT = iphoneos;
			};
			name = Debug;
		};
		39304F671A004B8200B6276A /* Release */ = {
			isa = XCBuildConfiguration;
			buildSettings = {
				ALWAYS_SEARCH_USER_PATHS = NO;
				CLANG_CXX_LANGUAGE_STANDARD = "gnu++0x";
				CLANG_CXX_LIBRARY = "libc++";
				CLANG_ENABLE_MODULES = YES;
				CLANG_ENABLE_OBJC_ARC = YES;
				CLANG_WARN_BOOL_CONVERSION = YES;
				CLANG_WARN_CONSTANT_CONVERSION = YES;
				CLANG_WARN_DIRECT_OBJC_ISA_USAGE = YES_ERROR;
				CLANG_WARN_EMPTY_BODY = YES;
				CLANG_WARN_ENUM_CONVERSION = YES;
				CLANG_WARN_INT_CONVERSION = YES;
				CLANG_WARN_OBJC_ROOT_CLASS = YES_ERROR;
				CLANG_WARN_UNREACHABLE_CODE = YES;
				CLANG_WARN__DUPLICATE_METHOD_MATCH = YES;
				"CODE_SIGN_IDENTITY[sdk=iphoneos*]" = "iPhone Developer";
				COPY_PHASE_STRIP = YES;
				ENABLE_NS_ASSERTIONS = NO;
				ENABLE_STRICT_OBJC_MSGSEND = YES;
				GCC_C_LANGUAGE_STANDARD = gnu99;
				GCC_WARN_64_TO_32_BIT_CONVERSION = YES;
				GCC_WARN_ABOUT_RETURN_TYPE = YES_ERROR;
				GCC_WARN_UNDECLARED_SELECTOR = YES;
				GCC_WARN_UNINITIALIZED_AUTOS = YES_AGGRESSIVE;
				GCC_WARN_UNUSED_FUNCTION = YES;
				GCC_WARN_UNUSED_VARIABLE = YES;
				IPHONEOS_DEPLOYMENT_TARGET = 8.0;
				MTL_ENABLE_DEBUG_INFO = NO;
				SDKROOT = iphoneos;
				VALIDATE_PRODUCT = YES;
			};
			name = Release;
		};
		39304F691A004B8200B6276A /* Debug */ = {
			isa = XCBuildConfiguration;
			buildSettings = {
				ASSETCATALOG_COMPILER_APPICON_NAME = AppIcon;
				INFOPLIST_FILE = MCMS/Info.plist;
				LD_RUNPATH_SEARCH_PATHS = "$(inherited) @executable_path/Frameworks";
				PRODUCT_NAME = "$(TARGET_NAME)";
			};
			name = Debug;
		};
		39304F6A1A004B8200B6276A /* Release */ = {
			isa = XCBuildConfiguration;
			buildSettings = {
				ASSETCATALOG_COMPILER_APPICON_NAME = AppIcon;
				INFOPLIST_FILE = MCMS/Info.plist;
				LD_RUNPATH_SEARCH_PATHS = "$(inherited) @executable_path/Frameworks";
				PRODUCT_NAME = "$(TARGET_NAME)";
			};
			name = Release;
		};
		39304F6C1A004B8200B6276A /* Debug */ = {
			isa = XCBuildConfiguration;
			buildSettings = {
				BUNDLE_LOADER = "$(TEST_HOST)";
				FRAMEWORK_SEARCH_PATHS = (
					"$(SDKROOT)/Developer/Library/Frameworks",
					"$(inherited)",
				);
				GCC_PREPROCESSOR_DEFINITIONS = (
					"DEBUG=1",
					"$(inherited)",
				);
				INFOPLIST_FILE = MCMSTests/Info.plist;
				LD_RUNPATH_SEARCH_PATHS = "$(inherited) @executable_path/Frameworks @loader_path/Frameworks";
				PRODUCT_NAME = "$(TARGET_NAME)";
				TEST_HOST = "$(BUILT_PRODUCTS_DIR)/MCMS.app/MCMS";
			};
			name = Debug;
		};
		39304F6D1A004B8200B6276A /* Release */ = {
			isa = XCBuildConfiguration;
			buildSettings = {
				BUNDLE_LOADER = "$(TEST_HOST)";
				FRAMEWORK_SEARCH_PATHS = (
					"$(SDKROOT)/Developer/Library/Frameworks",
					"$(inherited)",
				);
				INFOPLIST_FILE = MCMSTests/Info.plist;
				LD_RUNPATH_SEARCH_PATHS = "$(inherited) @executable_path/Frameworks @loader_path/Frameworks";
				PRODUCT_NAME = "$(TARGET_NAME)";
				TEST_HOST = "$(BUILT_PRODUCTS_DIR)/MCMS.app/MCMS";
			};
			name = Release;
		};
/* End XCBuildConfiguration section */

/* Begin XCConfigurationList section */
		39304F401A004B8200B6276A /* Build configuration list for PBXProject "MCMS" */ = {
			isa = XCConfigurationList;
			buildConfigurations = (
				39304F661A004B8200B6276A /* Debug */,
				39304F671A004B8200B6276A /* Release */,
			);
			defaultConfigurationIsVisible = 0;
			defaultConfigurationName = Release;
		};
		39304F681A004B8200B6276A /* Build configuration list for PBXNativeTarget "MCMS" */ = {
			isa = XCConfigurationList;
			buildConfigurations = (
				39304F691A004B8200B6276A /* Debug */,
				39304F6A1A004B8200B6276A /* Release */,
			);
			defaultConfigurationIsVisible = 0;
		};
		39304F6B1A004B8200B6276A /* Build configuration list for PBXNativeTarget "MCMSTests" */ = {
			isa = XCConfigurationList;
			buildConfigurations = (
				39304F6C1A004B8200B6276A /* Debug */,
				39304F6D1A004B8200B6276A /* Release */,
			);
			defaultConfigurationIsVisible = 0;
		};
/* End XCConfigurationList section */
	};
	rootObject = 39304F3D1A004B8200B6276A /* Project object */;
}
